
Microsoft Visual Studio Solution File, Format Version 12.00
# Visual Studio 14
VisualStudioVersion = 14.0.23107.0
MinimumVisualStudioVersion = 10.0.40219.1
Project("{FAE04EC0-301F-11D3-BF4B-00C04F79EFBC}") = "AlchemyPlugin1", "AlchemyPlugin1\AlchemyPlugin1.csproj", "{62DCDD9C-6366-40DF-97D8-6E2F0E140257}"
EndProject
Global
	GlobalSection(SolutionConfigurationPlatforms) = preSolution
		Debug|Any CPU = Debug|Any CPU
		Release|Any CPU = Release|Any CPU
	EndGlobalSection
	GlobalSection(ProjectConfigurationPlatforms) = postSolution
		{62DCDD9C-6366-40DF-97D8-6E2F0E140257}.Debug|Any CPU.ActiveCfg = Debug|Any CPU
		{62DCDD9C-6366-40DF-97D8-6E2F0E140257}.Debug|Any CPU.Build.0 = Debug|Any CPU
		{62DCDD9C-6366-40DF-97D8-6E2F0E140257}.Release|Any CPU.ActiveCfg = Release|Any CPU
		{62DCDD9C-6366-40DF-97D8-6E2F0E140257}.Release|Any CPU.Build.0 = Release|Any CPU
	EndGlobalSection
	GlobalSection(SolutionProperties) = preSolution
		HideSolutionNode = FALSE
	EndGlobalSection
EndGlobal
